// !$*UTF8*$!
{
	archiveVersion = 1;
	classes = {
	};
	objectVersion = 56;
	objects = {

/* Begin PBXBuildFile section */
		AA005CD92AB1F28C005AB524 /* AppEntry.swift in Sources */ = {isa = PBXBuildFile; fileRef = AA005CD82AB1F28C005AB524 /* AppEntry.swift */; };
		AA005CDB2AB1F28C005AB524 /* StartView.swift in Sources */ = {isa = PBXBuildFile; fileRef = AA005CDA2AB1F28C005AB524 /* StartView.swift */; };
		AA005CDD2AB1F28F005AB524 /* Assets.xcassets in Resources */ = {isa = PBXBuildFile; fileRef = AA005CDC2AB1F28F005AB524 /* Assets.xcassets */; };
		AA005CE02AB1F28F005AB524 /* Preview Assets.xcassets in Resources */ = {isa = PBXBuildFile; fileRef = AA005CDF2AB1F28F005AB524 /* Preview Assets.xcassets */; };
		AA005CE82AB30041005AB524 /* GameModels.swift in Sources */ = {isa = PBXBuildFile; fileRef = AA005CE72AB30041005AB524 /* GameModels.swift */; };
		AA005CF02AB30A1F005AB524 /* Text.swift in Sources */ = {isa = PBXBuildFile; fileRef = AA005CEF2AB30A1F005AB524 /* Text.swift */; };
		AA005CF22AB30A71005AB524 /* Color.swift in Sources */ = {isa = PBXBuildFile; fileRef = AA005CF12AB30A71005AB524 /* Color.swift */; };
		AA005CF42AB30BA1005AB524 /* QuestionView.swift in Sources */ = {isa = PBXBuildFile; fileRef = AA005CF32AB30BA1005AB524 /* QuestionView.swift */; };
		AA005CF72AB30C9C005AB524 /* ProgressBar.swift in Sources */ = {isa = PBXBuildFile; fileRef = AA005CF62AB30C9C005AB524 /* ProgressBar.swift */; };
		AA005CF92AB30F00005AB524 /* AnswerRow.swift in Sources */ = {isa = PBXBuildFile; fileRef = AA005CF82AB30F00005AB524 /* AnswerRow.swift */; };
		AA005CFB2AB313BE005AB524 /* ShowQuestionsOrEndScreen.swift in Sources */ = {isa = PBXBuildFile; fileRef = AA005CFA2AB313BE005AB524 /* ShowQuestionsOrEndScreen.swift */; };
		AA005CFD2AB314DC005AB524 /* Trivia.swift in Sources */ = {isa = PBXBuildFile; fileRef = AA005CFC2AB314DC005AB524 /* Trivia.swift */; };
		AA005D002AB3163E005AB524 /* NetworkingManager.swift in Sources */ = {isa = PBXBuildFile; fileRef = AA005CFF2AB3163E005AB524 /* NetworkingManager.swift */; };
		AA005D022AB31675005AB524 /* Endpoint.swift in Sources */ = {isa = PBXBuildFile; fileRef = AA005D012AB31675005AB524 /* Endpoint.swift */; };
		AA005D042AB31A69005AB524 /* GameVM.swift in Sources */ = {isa = PBXBuildFile; fileRef = AA005D032AB31A69005AB524 /* GameVM.swift */; };
		AA005D072AB34EB9005AB524 /* YourNameView.swift in Sources */ = {isa = PBXBuildFile; fileRef = AA005D062AB34EB9005AB524 /* YourNameView.swift */; };
		AA005D0B2AB352C4005AB524 /* MPConnectionManager.swift in Sources */ = {isa = PBXBuildFile; fileRef = AA005D0A2AB352C4005AB524 /* MPConnectionManager.swift */; };
		AA005D0F2AB36195005AB524 /* MPPeersView.swift in Sources */ = {isa = PBXBuildFile; fileRef = AA005D0E2AB36195005AB524 /* MPPeersView.swift */; };
		AA005D112AB754BA005AB524 /* Score.swift in Sources */ = {isa = PBXBuildFile; fileRef = AA005D102AB754BA005AB524 /* Score.swift */; };
		AA01A9302AB9E6B70003E9FB /* GameVM+GK.swift in Sources */ = {isa = PBXBuildFile; fileRef = AA01A92F2AB9E6B70003E9FB /* GameVM+GK.swift */; };
		AA9149B02AB9A60F00627815 /* GKConnectionManager.swift in Sources */ = {isa = PBXBuildFile; fileRef = AA9149AF2AB9A60F00627815 /* GKConnectionManager.swift */; };
		AA9149B22AB9B66900627815 /* GKPeersView.swift in Sources */ = {isa = PBXBuildFile; fileRef = AA9149B12AB9B66900627815 /* GKPeersView.swift */; };
/* End PBXBuildFile section */

/* Begin PBXFileReference section */
		AA005CD52AB1F28C005AB524 /* Quiz Game.app */ = {isa = PBXFileReference; explicitFileType = wrapper.application; includeInIndex = 0; path = "Quiz Game.app"; sourceTree = BUILT_PRODUCTS_DIR; };
		AA005CD82AB1F28C005AB524 /* AppEntry.swift */ = {isa = PBXFileReference; lastKnownFileType = sourcecode.swift; path = AppEntry.swift; sourceTree = "<group>"; };
		AA005CDA2AB1F28C005AB524 /* StartView.swift */ = {isa = PBXFileReference; lastKnownFileType = sourcecode.swift; path = StartView.swift; sourceTree = "<group>"; };
		AA005CDC2AB1F28F005AB524 /* Assets.xcassets */ = {isa = PBXFileReference; lastKnownFileType = folder.assetcatalog; path = Assets.xcassets; sourceTree = "<group>"; };
		AA005CDF2AB1F28F005AB524 /* Preview Assets.xcassets */ = {isa = PBXFileReference; lastKnownFileType = folder.assetcatalog; path = "Preview Assets.xcassets"; sourceTree = "<group>"; };
		AA005CE72AB30041005AB524 /* GameModels.swift */ = {isa = PBXFileReference; lastKnownFileType = sourcecode.swift; path = GameModels.swift; sourceTree = "<group>"; };
		AA005CEF2AB30A1F005AB524 /* Text.swift */ = {isa = PBXFileReference; lastKnownFileType = sourcecode.swift; path = Text.swift; sourceTree = "<group>"; };
		AA005CF12AB30A71005AB524 /* Color.swift */ = {isa = PBXFileReference; lastKnownFileType = sourcecode.swift; path = Color.swift; sourceTree = "<group>"; };
		AA005CF32AB30BA1005AB524 /* QuestionView.swift */ = {isa = PBXFileReference; lastKnownFileType = sourcecode.swift; path = QuestionView.swift; sourceTree = "<group>"; };
		AA005CF62AB30C9C005AB524 /* ProgressBar.swift */ = {isa = PBXFileReference; lastKnownFileType = sourcecode.swift; path = ProgressBar.swift; sourceTree = "<group>"; };
		AA005CF82AB30F00005AB524 /* AnswerRow.swift */ = {isa = PBXFileReference; lastKnownFileType = sourcecode.swift; path = AnswerRow.swift; sourceTree = "<group>"; };
		AA005CFA2AB313BE005AB524 /* ShowQuestionsOrEndScreen.swift */ = {isa = PBXFileReference; lastKnownFileType = sourcecode.swift; path = ShowQuestionsOrEndScreen.swift; sourceTree = "<group>"; };
		AA005CFC2AB314DC005AB524 /* Trivia.swift */ = {isa = PBXFileReference; lastKnownFileType = sourcecode.swift; path = Trivia.swift; sourceTree = "<group>"; };
		AA005CFF2AB3163E005AB524 /* NetworkingManager.swift */ = {isa = PBXFileReference; lastKnownFileType = sourcecode.swift; path = NetworkingManager.swift; sourceTree = "<group>"; };
		AA005D012AB31675005AB524 /* Endpoint.swift */ = {isa = PBXFileReference; lastKnownFileType = sourcecode.swift; path = Endpoint.swift; sourceTree = "<group>"; };
		AA005D032AB31A69005AB524 /* GameVM.swift */ = {isa = PBXFileReference; lastKnownFileType = sourcecode.swift; path = GameVM.swift; sourceTree = "<group>"; };
		AA005D062AB34EB9005AB524 /* YourNameView.swift */ = {isa = PBXFileReference; lastKnownFileType = sourcecode.swift; path = YourNameView.swift; sourceTree = "<group>"; };
		AA005D082AB35202005AB524 /* Quiz-Game-Info.plist */ = {isa = PBXFileReference; lastKnownFileType = text.plist; path = "Quiz-Game-Info.plist"; sourceTree = SOURCE_ROOT; };
		AA005D0A2AB352C4005AB524 /* MPConnectionManager.swift */ = {isa = PBXFileReference; lastKnownFileType = sourcecode.swift; path = MPConnectionManager.swift; sourceTree = "<group>"; };
		AA005D0E2AB36195005AB524 /* MPPeersView.swift */ = {isa = PBXFileReference; lastKnownFileType = sourcecode.swift; path = MPPeersView.swift; sourceTree = "<group>"; };
		AA005D102AB754BA005AB524 /* Score.swift */ = {isa = PBXFileReference; lastKnownFileType = sourcecode.swift; path = Score.swift; sourceTree = "<group>"; };
		AA01A92F2AB9E6B70003E9FB /* GameVM+GK.swift */ = {isa = PBXFileReference; lastKnownFileType = sourcecode.swift; path = "GameVM+GK.swift"; sourceTree = "<group>"; };
		AA9149AE2AB9A5B700627815 /* Quiz Game.entitlements */ = {isa = PBXFileReference; lastKnownFileType = text.plist.entitlements; path = "Quiz Game.entitlements"; sourceTree = "<group>"; };
		AA9149AF2AB9A60F00627815 /* GKConnectionManager.swift */ = {isa = PBXFileReference; lastKnownFileType = sourcecode.swift; path = GKConnectionManager.swift; sourceTree = "<group>"; };
		AA9149B12AB9B66900627815 /* GKPeersView.swift */ = {isa = PBXFileReference; lastKnownFileType = sourcecode.swift; path = GKPeersView.swift; sourceTree = "<group>"; };
/* End PBXFileReference section */

/* Begin PBXFrameworksBuildPhase section */
		AA005CD22AB1F28C005AB524 /* Frameworks */ = {
			isa = PBXFrameworksBuildPhase;
			buildActionMask = 2147483647;
			files = (
			);
			runOnlyForDeploymentPostprocessing = 0;
		};
/* End PBXFrameworksBuildPhase section */

/* Begin PBXGroup section */
		AA005CCC2AB1F28C005AB524 = {
			isa = PBXGroup;
			children = (
				AA005CD72AB1F28C005AB524 /* Quiz Game */,
				AA005CD62AB1F28C005AB524 /* Products */,
			);
			sourceTree = "<group>";
		};
		AA005CD62AB1F28C005AB524 /* Products */ = {
			isa = PBXGroup;
			children = (
				AA005CD52AB1F28C005AB524 /* Quiz Game.app */,
			);
			name = Products;
			sourceTree = "<group>";
		};
		AA005CD72AB1F28C005AB524 /* Quiz Game */ = {
			isa = PBXGroup;
			children = (
				AA9149AE2AB9A5B700627815 /* Quiz Game.entitlements */,
				AA005D082AB35202005AB524 /* Quiz-Game-Info.plist */,
				AA005CD82AB1F28C005AB524 /* AppEntry.swift */,
				AA005CDA2AB1F28C005AB524 /* StartView.swift */,
				AA005CEC2AB3097E005AB524 /* Views */,
				AA005D052AB32F5E005AB524 /* ViewModels */,
				AA005CF52AB30C5A005AB524 /* Components */,
				AA005CE62AB30026005AB524 /* Models */,
				AA005CEE2AB30A08005AB524 /* Extensions */,
				AA005CFE2AB3161D005AB524 /* Utilities */,
				AA005CDC2AB1F28F005AB524 /* Assets.xcassets */,
				AA005CDE2AB1F28F005AB524 /* Preview Content */,
			);
			path = "Quiz Game";
			sourceTree = "<group>";
		};
		AA005CDE2AB1F28F005AB524 /* Preview Content */ = {
			isa = PBXGroup;
			children = (
				AA005CDF2AB1F28F005AB524 /* Preview Assets.xcassets */,
				AA005D102AB754BA005AB524 /* Score.swift */,
			);
			path = "Preview Content";
			sourceTree = "<group>";
		};
		AA005CE62AB30026005AB524 /* Models */ = {
			isa = PBXGroup;
			children = (
				AA005CE72AB30041005AB524 /* GameModels.swift */,
				AA005CFC2AB314DC005AB524 /* Trivia.swift */,
			);
			path = Models;
			sourceTree = "<group>";
		};
		AA005CEC2AB3097E005AB524 /* Views */ = {
			isa = PBXGroup;
			children = (
				AA005CFA2AB313BE005AB524 /* ShowQuestionsOrEndScreen.swift */,
				AA005CF32AB30BA1005AB524 /* QuestionView.swift */,
				AA005D062AB34EB9005AB524 /* YourNameView.swift */,
				AA005D0E2AB36195005AB524 /* MPPeersView.swift */,
				AA9149B12AB9B66900627815 /* GKPeersView.swift */,
			);
			path = Views;
			sourceTree = "<group>";
		};
		AA005CEE2AB30A08005AB524 /* Extensions */ = {
			isa = PBXGroup;
			children = (
				AA005CF12AB30A71005AB524 /* Color.swift */,
				AA005CEF2AB30A1F005AB524 /* Text.swift */,
			);
			path = Extensions;
			sourceTree = "<group>";
		};
		AA005CF52AB30C5A005AB524 /* Components */ = {
			isa = PBXGroup;
			children = (
				AA005CF62AB30C9C005AB524 /* ProgressBar.swift */,
				AA005CF82AB30F00005AB524 /* AnswerRow.swift */,
			);
			path = Components;
			sourceTree = "<group>";
		};
		AA005CFE2AB3161D005AB524 /* Utilities */ = {
			isa = PBXGroup;
			children = (
				AA005CFF2AB3163E005AB524 /* NetworkingManager.swift */,
				AA005D012AB31675005AB524 /* Endpoint.swift */,
			);
			path = Utilities;
			sourceTree = "<group>";
		};
		AA005D052AB32F5E005AB524 /* ViewModels */ = {
			isa = PBXGroup;
			children = (
				AA005D032AB31A69005AB524 /* GameVM.swift */,
				AA01A92F2AB9E6B70003E9FB /* GameVM+GK.swift */,
				AA005D0A2AB352C4005AB524 /* MPConnectionManager.swift */,
				AA9149AF2AB9A60F00627815 /* GKConnectionManager.swift */,
			);
			path = ViewModels;
			sourceTree = "<group>";
		};
/* End PBXGroup section */

/* Begin PBXNativeTarget section */
		AA005CD42AB1F28C005AB524 /* Quiz Game */ = {
			isa = PBXNativeTarget;
			buildConfigurationList = AA005CE32AB1F28F005AB524 /* Build configuration list for PBXNativeTarget "Quiz Game" */;
			buildPhases = (
				AA005CD12AB1F28C005AB524 /* Sources */,
				AA005CD22AB1F28C005AB524 /* Frameworks */,
				AA005CD32AB1F28C005AB524 /* Resources */,
			);
			buildRules = (
			);
			dependencies = (
			);
			name = "Quiz Game";
			productName = "Quiz Game";
			productReference = AA005CD52AB1F28C005AB524 /* Quiz Game.app */;
			productType = "com.apple.product-type.application";
		};
/* End PBXNativeTarget section */

/* Begin PBXProject section */
		AA005CCD2AB1F28C005AB524 /* Project object */ = {
			isa = PBXProject;
			attributes = {
				BuildIndependentTargetsInParallel = 1;
				LastSwiftUpdateCheck = 1430;
				LastUpgradeCheck = 1430;
				TargetAttributes = {
					AA005CD42AB1F28C005AB524 = {
						CreatedOnToolsVersion = 14.3.1;
					};
				};
			};
			buildConfigurationList = AA005CD02AB1F28C005AB524 /* Build configuration list for PBXProject "Quiz Game" */;
			compatibilityVersion = "Xcode 14.0";
			developmentRegion = en;
			hasScannedForEncodings = 0;
			knownRegions = (
				en,
				Base,
			);
			mainGroup = AA005CCC2AB1F28C005AB524;
			productRefGroup = AA005CD62AB1F28C005AB524 /* Products */;
			projectDirPath = "";
			projectRoot = "";
			targets = (
				AA005CD42AB1F28C005AB524 /* Quiz Game */,
			);
		};
/* End PBXProject section */

/* Begin PBXResourcesBuildPhase section */
		AA005CD32AB1F28C005AB524 /* Resources */ = {
			isa = PBXResourcesBuildPhase;
			buildActionMask = 2147483647;
			files = (
				AA005CE02AB1F28F005AB524 /* Preview Assets.xcassets in Resources */,
				AA005CDD2AB1F28F005AB524 /* Assets.xcassets in Resources */,
			);
			runOnlyForDeploymentPostprocessing = 0;
		};
/* End PBXResourcesBuildPhase section */

/* Begin PBXSourcesBuildPhase section */
		AA005CD12AB1F28C005AB524 /* Sources */ = {
			isa = PBXSourcesBuildPhase;
			buildActionMask = 2147483647;
			files = (
				AA005CDB2AB1F28C005AB524 /* StartView.swift in Sources */,
				AA005CF92AB30F00005AB524 /* AnswerRow.swift in Sources */,
				AA9149B22AB9B66900627815 /* GKPeersView.swift in Sources */,
				AA005D042AB31A69005AB524 /* GameVM.swift in Sources */,
				AA01A9302AB9E6B70003E9FB /* GameVM+GK.swift in Sources */,
				AA005CF02AB30A1F005AB524 /* Text.swift in Sources */,
				AA005D022AB31675005AB524 /* Endpoint.swift in Sources */,
				AA005CFD2AB314DC005AB524 /* Trivia.swift in Sources */,
				AA005CFB2AB313BE005AB524 /* ShowQuestionsOrEndScreen.swift in Sources */,
				AA005CE82AB30041005AB524 /* GameModels.swift in Sources */,
				AA005CF42AB30BA1005AB524 /* QuestionView.swift in Sources */,
				AA005D072AB34EB9005AB524 /* YourNameView.swift in Sources */,
				AA005D112AB754BA005AB524 /* Score.swift in Sources */,
				AA005CD92AB1F28C005AB524 /* AppEntry.swift in Sources */,
				AA005D0B2AB352C4005AB524 /* MPConnectionManager.swift in Sources */,
				AA005D0F2AB36195005AB524 /* MPPeersView.swift in Sources */,
				AA005D002AB3163E005AB524 /* NetworkingManager.swift in Sources */,
				AA9149B02AB9A60F00627815 /* GKConnectionManager.swift in Sources */,
				AA005CF72AB30C9C005AB524 /* ProgressBar.swift in Sources */,
				AA005CF22AB30A71005AB524 /* Color.swift in Sources */,
			);
			runOnlyForDeploymentPostprocessing = 0;
		};
/* End PBXSourcesBuildPhase section */

/* Begin XCBuildConfiguration section */
		AA005CE12AB1F28F005AB524 /* Debug */ = {
			isa = XCBuildConfiguration;
			buildSettings = {
				ALWAYS_SEARCH_USER_PATHS = NO;
				CLANG_ANALYZER_NONNULL = YES;
				CLANG_ANALYZER_NUMBER_OBJECT_CONVERSION = YES_AGGRESSIVE;
				CLANG_CXX_LANGUAGE_STANDARD = "gnu++20";
				CLANG_ENABLE_MODULES = YES;
				CLANG_ENABLE_OBJC_ARC = YES;
				CLANG_ENABLE_OBJC_WEAK = YES;
				CLANG_WARN_BLOCK_CAPTURE_AUTORELEASING = YES;
				CLANG_WARN_BOOL_CONVERSION = YES;
				CLANG_WARN_COMMA = YES;
				CLANG_WARN_CONSTANT_CONVERSION = YES;
				CLANG_WARN_DEPRECATED_OBJC_IMPLEMENTATIONS = YES;
				CLANG_WARN_DIRECT_OBJC_ISA_USAGE = YES_ERROR;
				CLANG_WARN_DOCUMENTATION_COMMENTS = YES;
				CLANG_WARN_EMPTY_BODY = YES;
				CLANG_WARN_ENUM_CONVERSION = YES;
				CLANG_WARN_INFINITE_RECURSION = YES;
				CLANG_WARN_INT_CONVERSION = YES;
				CLANG_WARN_NON_LITERAL_NULL_CONVERSION = YES;
				CLANG_WARN_OBJC_IMPLICIT_RETAIN_SELF = YES;
				CLANG_WARN_OBJC_LITERAL_CONVERSION = YES;
				CLANG_WARN_OBJC_ROOT_CLASS = YES_ERROR;
				CLANG_WARN_QUOTED_INCLUDE_IN_FRAMEWORK_HEADER = YES;
				CLANG_WARN_RANGE_LOOP_ANALYSIS = YES;
				CLANG_WARN_STRICT_PROTOTYPES = YES;
				CLANG_WARN_SUSPICIOUS_MOVE = YES;
				CLANG_WARN_UNGUARDED_AVAILABILITY = YES_AGGRESSIVE;
				CLANG_WARN_UNREACHABLE_CODE = YES;
				CLANG_WARN__DUPLICATE_METHOD_MATCH = YES;
				COPY_PHASE_STRIP = NO;
				DEBUG_ACTIVITY_MODE = "";
				"DEBUG_ACTIVITY_MODE[sdk=iphonesimulator*]" = disable;
				DEBUG_INFORMATION_FORMAT = dwarf;
				ENABLE_STRICT_OBJC_MSGSEND = YES;
				ENABLE_TESTABILITY = YES;
				GCC_C_LANGUAGE_STANDARD = gnu11;
				GCC_DYNAMIC_NO_PIC = NO;
				GCC_NO_COMMON_BLOCKS = YES;
				GCC_OPTIMIZATION_LEVEL = 0;
				GCC_PREPROCESSOR_DEFINITIONS = (
					"DEBUG=1",
					"$(inherited)",
				);
				GCC_WARN_64_TO_32_BIT_CONVERSION = YES;
				GCC_WARN_ABOUT_RETURN_TYPE = YES_ERROR;
				GCC_WARN_UNDECLARED_SELECTOR = YES;
				GCC_WARN_UNINITIALIZED_AUTOS = YES_AGGRESSIVE;
				GCC_WARN_UNUSED_FUNCTION = YES;
				GCC_WARN_UNUSED_VARIABLE = YES;
				IPHONEOS_DEPLOYMENT_TARGET = 16.0;
				MTL_ENABLE_DEBUG_INFO = INCLUDE_SOURCE;
				MTL_FAST_MATH = YES;
				ONLY_ACTIVE_ARCH = YES;
				SDKROOT = iphoneos;
				SWIFT_ACTIVE_COMPILATION_CONDITIONS = DEBUG;
				SWIFT_OPTIMIZATION_LEVEL = "-Onone";
			};
			name = Debug;
		};
		AA005CE22AB1F28F005AB524 /* Release */ = {
			isa = XCBuildConfiguration;
			buildSettings = {
				ALWAYS_SEARCH_USER_PATHS = NO;
				CLANG_ANALYZER_NONNULL = YES;
				CLANG_ANALYZER_NUMBER_OBJECT_CONVERSION = YES_AGGRESSIVE;
				CLANG_CXX_LANGUAGE_STANDARD = "gnu++20";
				CLANG_ENABLE_MODULES = YES;
				CLANG_ENABLE_OBJC_ARC = YES;
				CLANG_ENABLE_OBJC_WEAK = YES;
				CLANG_WARN_BLOCK_CAPTURE_AUTORELEASING = YES;
				CLANG_WARN_BOOL_CONVERSION = YES;
				CLANG_WARN_COMMA = YES;
				CLANG_WARN_CONSTANT_CONVERSION = YES;
				CLANG_WARN_DEPRECATED_OBJC_IMPLEMENTATIONS = YES;
				CLANG_WARN_DIRECT_OBJC_ISA_USAGE = YES_ERROR;
				CLANG_WARN_DOCUMENTATION_COMMENTS = YES;
				CLANG_WARN_EMPTY_BODY = YES;
				CLANG_WARN_ENUM_CONVERSION = YES;
				CLANG_WARN_INFINITE_RECURSION = YES;
				CLANG_WARN_INT_CONVERSION = YES;
				CLANG_WARN_NON_LITERAL_NULL_CONVERSION = YES;
				CLANG_WARN_OBJC_IMPLICIT_RETAIN_SELF = YES;
				CLANG_WARN_OBJC_LITERAL_CONVERSION = YES;
				CLANG_WARN_OBJC_ROOT_CLASS = YES_ERROR;
				CLANG_WARN_QUOTED_INCLUDE_IN_FRAMEWORK_HEADER = YES;
				CLANG_WARN_RANGE_LOOP_ANALYSIS = YES;
				CLANG_WARN_STRICT_PROTOTYPES = YES;
				CLANG_WARN_SUSPICIOUS_MOVE = YES;
				CLANG_WARN_UNGUARDED_AVAILABILITY = YES_AGGRESSIVE;
				CLANG_WARN_UNREACHABLE_CODE = YES;
				CLANG_WARN__DUPLICATE_METHOD_MATCH = YES;
				COPY_PHASE_STRIP = NO;
				DEBUG_ACTIVITY_MODE = "";
				DEBUG_INFORMATION_FORMAT = "dwarf-with-dsym";
				ENABLE_NS_ASSERTIONS = NO;
				ENABLE_STRICT_OBJC_MSGSEND = YES;
				GCC_C_LANGUAGE_STANDARD = gnu11;
				GCC_NO_COMMON_BLOCKS = YES;
				GCC_WARN_64_TO_32_BIT_CONVERSION = YES;
				GCC_WARN_ABOUT_RETURN_TYPE = YES_ERROR;
				GCC_WARN_UNDECLARED_SELECTOR = YES;
				GCC_WARN_UNINITIALIZED_AUTOS = YES_AGGRESSIVE;
				GCC_WARN_UNUSED_FUNCTION = YES;
				GCC_WARN_UNUSED_VARIABLE = YES;
				IPHONEOS_DEPLOYMENT_TARGET = 16.0;
				MTL_ENABLE_DEBUG_INFO = NO;
				MTL_FAST_MATH = YES;
				SDKROOT = iphoneos;
				SWIFT_COMPILATION_MODE = wholemodule;
				SWIFT_OPTIMIZATION_LEVEL = "-O";
				VALIDATE_PRODUCT = YES;
			};
			name = Release;
		};
		AA005CE42AB1F28F005AB524 /* Debug */ = {
			isa = XCBuildConfiguration;
			buildSettings = {
				ASSETCATALOG_COMPILER_APPICON_NAME = AppIcon;
				ASSETCATALOG_COMPILER_GLOBAL_ACCENT_COLOR_NAME = AccentColor;
				CODE_SIGN_ENTITLEMENTS = "Quiz Game/Quiz Game.entitlements";
				CODE_SIGN_STYLE = Automatic;
				CURRENT_PROJECT_VERSION = 1;
				DEVELOPMENT_ASSET_PATHS = "\"Quiz Game/Preview Content\"";
				DEVELOPMENT_TEAM = 4EDERT4V6A;
				ENABLE_PREVIEWS = YES;
				GENERATE_INFOPLIST_FILE = YES;
				INFOPLIST_FILE = "Quiz-Game-Info.plist";
				INFOPLIST_KEY_CFBundleDisplayName = "Quiz Link";
				INFOPLIST_KEY_NSLocalNetworkUsageDescription = "Would like to play Quiz Game";
				INFOPLIST_KEY_UIApplicationSceneManifest_Generation = YES;
				INFOPLIST_KEY_UIApplicationSupportsIndirectInputEvents = YES;
				INFOPLIST_KEY_UILaunchScreen_Generation = YES;
				INFOPLIST_KEY_UISupportedInterfaceOrientations = UIInterfaceOrientationPortrait;
				IPHONEOS_DEPLOYMENT_TARGET = 16.0;
				LD_RUNPATH_SEARCH_PATHS = (
					"$(inherited)",
					"@executable_path/Frameworks",
				);
				MARKETING_VERSION = 1.0;
				PRODUCT_BUNDLE_IDENTIFIER = "com.stephenhanna.Quiz-Game";
				PRODUCT_NAME = "$(TARGET_NAME)";
				SWIFT_EMIT_LOC_STRINGS = YES;
				SWIFT_VERSION = 5.0;
				TARGETED_DEVICE_FAMILY = "1,2";
			};
			name = Debug;
		};
		AA005CE52AB1F28F005AB524 /* Release */ = {
			isa = XCBuildConfiguration;
			buildSettings = {
				ASSETCATALOG_COMPILER_APPICON_NAME = AppIcon;
				ASSETCATALOG_COMPILER_GLOBAL_ACCENT_COLOR_NAME = AccentColor;
				CODE_SIGN_ENTITLEMENTS = "Quiz Game/Quiz Game.entitlements";
				CODE_SIGN_STYLE = Automatic;
				CURRENT_PROJECT_VERSION = 1;
				DEVELOPMENT_ASSET_PATHS = "\"Quiz Game/Preview Content\"";
				DEVELOPMENT_TEAM = 4EDERT4V6A;
				ENABLE_PREVIEWS = YES;
				GENERATE_INFOPLIST_FILE = YES;
				INFOPLIST_FILE = "Quiz-Game-Info.plist";
				INFOPLIST_KEY_CFBundleDisplayName = "Quiz Link";
				INFOPLIST_KEY_NSLocalNetworkUsageDescription = "Would like to play Quiz Game";
				INFOPLIST_KEY_UIApplicationSceneManifest_Generation = YES;
				INFOPLIST_KEY_UIApplicationSupportsIndirectInputEvents = YES;
				INFOPLIST_KEY_UILaunchScreen_Generation = YES;
				INFOPLIST_KEY_UISupportedInterfaceOrientations = UIInterfaceOrientationPortrait;
				IPHONEOS_DEPLOYMENT_TARGET = 16.0;
				LD_RUNPATH_SEARCH_PATHS = (
					"$(inherited)",
					"@executable_path/Frameworks",
				);
				MARKETING_VERSION = 1.0;
				PRODUCT_BUNDLE_IDENTIFIER = "com.stephenhanna.Quiz-Game";
				PRODUCT_NAME = "$(TARGET_NAME)";
				SWIFT_EMIT_LOC_STRINGS = YES;
				SWIFT_VERSION = 5.0;
				TARGETED_DEVICE_FAMILY = "1,2";
			};
			name = Release;
		};
/* End XCBuildConfiguration section */

/* Begin XCConfigurationList section */
		AA005CD02AB1F28C005AB524 /* Build configuration list for PBXProject "Quiz Game" */ = {
			isa = XCConfigurationList;
			buildConfigurations = (
				AA005CE12AB1F28F005AB524 /* Debug */,
				AA005CE22AB1F28F005AB524 /* Release */,
			);
			defaultConfigurationIsVisible = 0;
			defaultConfigurationName = Release;
		};
		AA005CE32AB1F28F005AB524 /* Build configuration list for PBXNativeTarget "Quiz Game" */ = {
			isa = XCConfigurationList;
			buildConfigurations = (
				AA005CE42AB1F28F005AB524 /* Debug */,
				AA005CE52AB1F28F005AB524 /* Release */,
			);
			defaultConfigurationIsVisible = 0;
			defaultConfigurationName = Release;
		};
/* End XCConfigurationList section */
	};
	rootObject = AA005CCD2AB1F28C005AB524 /* Project object */;
}
